{
  "name": "eris-pagination",
  "version": "0.4.0",
  "lockfileVersion": 1,
  "requires": true,
  "dependencies": {
    "eris-reactions": {
      "version": "0.1.2",
      "resolved": "https://registry.npmjs.org/eris-reactions/-/eris-reactions-0.1.2.tgz",
      "integrity": "sha512-p497xAdNsw3RRfAoklYemWRk1HT22rBmRaiemG6TVZ1yPTuQf41r4GteyKOJZ3hkphD3Rte7/1GiZwPzUNOHcw=="
    }
  }
}
