{
  "name": "eris-pagination",
  "version": "0.5.2",
  "lockfileVersion": 1,
  "requires": true,
  "dependencies": {
    "eris-reactions": {
      "version": "0.1.4",
      "resolved": "https://registry.npmjs.org/eris-reactions/-/eris-reactions-0.1.4.tgz",
      "integrity": "sha512-U2rMtfywnhh4TmqFcF7uo/ciyQN8vb9ptwSJMQs/uaY1a401f+t3sei1R3IR2gYqaFejJzgjTmzBMT6jIBPYYQ=="
    }
  }
}
