{
  "name": "eris-pagination",
  "version": "0.5.0",
  "lockfileVersion": 1,
  "requires": true,
  "dependencies": {
    "eris-reactions": {
      "version": "git+https://github.com/WeebHiroyuki/eris-reactions.git#0119ba57534ff3a96b04f956db3dc2cb4883851c",
      "from": "git+https://github.com/WeebHiroyuki/eris-reactions.git"
    }
  }
}
